
Microsoft Visual Studio Solution File, Format Version 12.00
# Visual Studio Version 17
VisualStudioVersion = 17.11.35219.272
MinimumVisualStudioVersion = 10.0.40219.1
Project("{9A19103F-16F7-4668-BE54-9A1E7A4F7556}") = "Hexa.NET.Raylib", "Hexa.NET.Raylib\Hexa.NET.Raylib.csproj", "{A9A4CF5F-F609-403E-ADE0-2E94F3AB4333}"
EndProject
Project("{9A19103F-16F7-4668-BE54-9A1E7A4F7556}") = "Generator", "Generator\Generator.csproj", "{F5F03F85-A869-47AC-BA7C-68E5173A5C78}"
EndProject
Project("{FAE04EC0-301F-11D3-BF4B-00C04F79EFBC}") = "Example", "Example\Example.csproj", "{04BF5F0A-953D-4EEE-A879-D84C3D07443B}"
EndProject
Project("{FAE04EC0-301F-11D3-BF4B-00C04F79EFBC}") = "ExampleImGui", "ExampleImGui\ExampleImGui.csproj", "{EF72C03C-F3CA-49DC-9A7E-374956B83341}"
EndProject
Global
	GlobalSection(SolutionConfigurationPlatforms) = preSolution
		Debug|Any CPU = Debug|Any CPU
		Release|Any CPU = Release|Any CPU
	EndGlobalSection
	GlobalSection(ProjectConfigurationPlatforms) = postSolution
		{A9A4CF5F-F609-403E-ADE0-2E94F3AB4333}.Debug|Any CPU.ActiveCfg = Debug|Any CPU
		{A9A4CF5F-F609-403E-ADE0-2E94F3AB4333}.Debug|Any CPU.Build.0 = Debug|Any CPU
		{A9A4CF5F-F609-403E-ADE0-2E94F3AB4333}.Release|Any CPU.ActiveCfg = Release|Any CPU
		{A9A4CF5F-F609-403E-ADE0-2E94F3AB4333}.Release|Any CPU.Build.0 = Release|Any CPU
		{F5F03F85-A869-47AC-BA7C-68E5173A5C78}.Debug|Any CPU.ActiveCfg = Debug|Any CPU
		{F5F03F85-A869-47AC-BA7C-68E5173A5C78}.Debug|Any CPU.Build.0 = Debug|Any CPU
		{F5F03F85-A869-47AC-BA7C-68E5173A5C78}.Release|Any CPU.ActiveCfg = Release|Any CPU
		{F5F03F85-A869-47AC-BA7C-68E5173A5C78}.Release|Any CPU.Build.0 = Release|Any CPU
		{04BF5F0A-953D-4EEE-A879-D84C3D07443B}.Debug|Any CPU.ActiveCfg = Debug|Any CPU
		{04BF5F0A-953D-4EEE-A879-D84C3D07443B}.Debug|Any CPU.Build.0 = Debug|Any CPU
		{04BF5F0A-953D-4EEE-A879-D84C3D07443B}.Release|Any CPU.ActiveCfg = Release|Any CPU
		{04BF5F0A-953D-4EEE-A879-D84C3D07443B}.Release|Any CPU.Build.0 = Release|Any CPU
		{EF72C03C-F3CA-49DC-9A7E-374956B83341}.Debug|Any CPU.ActiveCfg = Debug|Any CPU
		{EF72C03C-F3CA-49DC-9A7E-374956B83341}.Debug|Any CPU.Build.0 = Debug|Any CPU
		{EF72C03C-F3CA-49DC-9A7E-374956B83341}.Release|Any CPU.ActiveCfg = Release|Any CPU
		{EF72C03C-F3CA-49DC-9A7E-374956B83341}.Release|Any CPU.Build.0 = Release|Any CPU
	EndGlobalSection
	GlobalSection(SolutionProperties) = preSolution
		HideSolutionNode = FALSE
	EndGlobalSection
	GlobalSection(ExtensibilityGlobals) = postSolution
		SolutionGuid = {38FE6812-68E0-490A-85FA-4DFF493AC1D7}
	EndGlobalSection
EndGlobal
