
Microsoft Visual Studio Solution File, Format Version 12.00
# Visual Studio Version 17
VisualStudioVersion = 17.11.35219.272
MinimumVisualStudioVersion = 10.0.40219.1
Project("{FAE04EC0-301F-11D3-BF4B-00C04F79EFBC}") = "Hexa.NET.Raylib", "Hexa.NET.Raylib\Hexa.NET.Raylib.csproj", "{A9A4CF5F-F609-403E-ADE0-2E94F3AB4333}"
EndProject
Project("{FAE04EC0-301F-11D3-BF4B-00C04F79EFBC}") = "Generator", "Generator\Generator.csproj", "{F5F03F85-A869-47AC-BA7C-68E5173A5C78}"
EndProject
Global
	GlobalSection(SolutionConfigurationPlatforms) = preSolution
		Debug|Any CPU = Debug|Any CPU
		Release|Any CPU = Release|Any CPU
	EndGlobalSection
	GlobalSection(ProjectConfigurationPlatforms) = postSolution
		{A9A4CF5F-F609-403E-ADE0-2E94F3AB4333}.Debug|Any CPU.ActiveCfg = Debug|Any CPU
		{A9A4CF5F-F609-403E-ADE0-2E94F3AB4333}.Debug|Any CPU.Build.0 = Debug|Any CPU
		{A9A4CF5F-F609-403E-ADE0-2E94F3AB4333}.Release|Any CPU.ActiveCfg = Release|Any CPU
		{A9A4CF5F-F609-403E-ADE0-2E94F3AB4333}.Release|Any CPU.Build.0 = Release|Any CPU
		{F5F03F85-A869-47AC-BA7C-68E5173A5C78}.Debug|Any CPU.ActiveCfg = Debug|Any CPU
		{F5F03F85-A869-47AC-BA7C-68E5173A5C78}.Debug|Any CPU.Build.0 = Debug|Any CPU
		{F5F03F85-A869-47AC-BA7C-68E5173A5C78}.Release|Any CPU.ActiveCfg = Release|Any CPU
		{F5F03F85-A869-47AC-BA7C-68E5173A5C78}.Release|Any CPU.Build.0 = Release|Any CPU
	EndGlobalSection
	GlobalSection(SolutionProperties) = preSolution
		HideSolutionNode = FALSE
	EndGlobalSection
	GlobalSection(ExtensibilityGlobals) = postSolution
		SolutionGuid = {38FE6812-68E0-490A-85FA-4DFF493AC1D7}
	EndGlobalSection
EndGlobal
